// !$*UTF8*$!
{
	archiveVersion = 1;
	classes = {
	};
	objectVersion = 50;
	objects = {

/* Begin PBXBuildFile section */
		3F0C5C93278C98BF00718E15 /* To_Do_list_HackwhichApp.swift in Sources */ = {isa = PBXBuildFile; fileRef = 3F0C5C92278C98BF00718E15 /* To_Do_list_HackwhichApp.swift */; };
		3F0C5C95278C98BF00718E15 /* ContentView.swift in Sources */ = {isa = PBXBuildFile; fileRef = 3F0C5C94278C98BF00718E15 /* ContentView.swift */; };
		3F0C5C97278C98C600718E15 /* Assets.xcassets in Resources */ = {isa = PBXBuildFile; fileRef = 3F0C5C96278C98C600718E15 /* Assets.xcassets */; };
		3F0C5C9A278C98C600718E15 /* Preview Assets.xcassets in Resources */ = {isa = PBXBuildFile; fileRef = 3F0C5C99278C98C600718E15 /* Preview Assets.xcassets */; };
		3F0C5CBD278F3C8500718E15 /* ToDoList.swift in Sources */ = {isa = PBXBuildFile; fileRef = 3F0C5CBC278F3C8500718E15 /* ToDoList.swift */; };
		3F0C5CBF278F3E4800718E15 /* AddItemView.swift in Sources */ = {isa = PBXBuildFile; fileRef = 3F0C5CBE278F3E4800718E15 /* AddItemView.swift */; };
/* End PBXBuildFile section */

/* Begin PBXFileReference section */
		3F0C5C8F278C98BF00718E15 /* To-Do list Hackwhich.app */ = {isa = PBXFileReference; explicitFileType = wrapper.application; includeInIndex = 0; path = "To-Do list Hackwhich.app"; sourceTree = BUILT_PRODUCTS_DIR; };
		3F0C5C92278C98BF00718E15 /* To_Do_list_HackwhichApp.swift */ = {isa = PBXFileReference; lastKnownFileType = sourcecode.swift; path = To_Do_list_HackwhichApp.swift; sourceTree = "<group>"; };
		3F0C5C94278C98BF00718E15 /* ContentView.swift */ = {isa = PBXFileReference; lastKnownFileType = sourcecode.swift; path = ContentView.swift; sourceTree = "<group>"; };
		3F0C5C96278C98C600718E15 /* Assets.xcassets */ = {isa = PBXFileReference; lastKnownFileType = folder.assetcatalog; path = Assets.xcassets; sourceTree = "<group>"; };
		3F0C5C99278C98C600718E15 /* Preview Assets.xcassets */ = {isa = PBXFileReference; lastKnownFileType = folder.assetcatalog; path = "Preview Assets.xcassets"; sourceTree = "<group>"; };
		3F0C5C9B278C98C600718E15 /* Info.plist */ = {isa = PBXFileReference; lastKnownFileType = text.plist.xml; path = Info.plist; sourceTree = "<group>"; };
		3F0C5CBC278F3C8500718E15 /* ToDoList.swift */ = {isa = PBXFileReference; lastKnownFileType = sourcecode.swift; path = ToDoList.swift; sourceTree = "<group>"; };
		3F0C5CBE278F3E4800718E15 /* AddItemView.swift */ = {isa = PBXFileReference; lastKnownFileType = sourcecode.swift; path = AddItemView.swift; sourceTree = "<group>"; };
/* End PBXFileReference section */

/* Begin PBXFrameworksBuildPhase section */
		3F0C5C8C278C98BF00718E15 /* Frameworks */ = {
			isa = PBXFrameworksBuildPhase;
			buildActionMask = 2147483647;
			files = (
			);
			runOnlyForDeploymentPostprocessing = 0;
		};
/* End PBXFrameworksBuildPhase section */

/* Begin PBXGroup section */
		3F0C5C86278C98BF00718E15 = {
			isa = PBXGroup;
			children = (
				3F0C5C91278C98BF00718E15 /* To-Do list Hackwhich */,
				3F0C5C90278C98BF00718E15 /* Products */,
			);
			sourceTree = "<group>";
		};
		3F0C5C90278C98BF00718E15 /* Products */ = {
			isa = PBXGroup;
			children = (
				3F0C5C8F278C98BF00718E15 /* To-Do list Hackwhich.app */,
			);
			name = Products;
			sourceTree = "<group>";
		};
		3F0C5C91278C98BF00718E15 /* To-Do list Hackwhich */ = {
			isa = PBXGroup;
			children = (
				3F0C5C92278C98BF00718E15 /* To_Do_list_HackwhichApp.swift */,
				3F0C5C94278C98BF00718E15 /* ContentView.swift */,
				3F0C5CBE278F3E4800718E15 /* AddItemView.swift */,
				3F0C5CBC278F3C8500718E15 /* ToDoList.swift */,
				3F0C5C96278C98C600718E15 /* Assets.xcassets */,
				3F0C5C9B278C98C600718E15 /* Info.plist */,
				3F0C5C98278C98C600718E15 /* Preview Content */,
			);
			path = "To-Do list Hackwhich";
			sourceTree = "<group>";
		};
		3F0C5C98278C98C600718E15 /* Preview Content */ = {
			isa = PBXGroup;
			children = (
				3F0C5C99278C98C600718E15 /* Preview Assets.xcassets */,
			);
			path = "Preview Content";
			sourceTree = "<group>";
		};
/* End PBXGroup section */

/* Begin PBXNativeTarget section */
		3F0C5C8E278C98BF00718E15 /* To-Do list Hackwhich */ = {
			isa = PBXNativeTarget;
			buildConfigurationList = 3F0C5C9E278C98C600718E15 /* Build configuration list for PBXNativeTarget "To-Do list Hackwhich" */;
			buildPhases = (
				3F0C5C8B278C98BF00718E15 /* Sources */,
				3F0C5C8C278C98BF00718E15 /* Frameworks */,
				3F0C5C8D278C98BF00718E15 /* Resources */,
			);
			buildRules = (
			);
			dependencies = (
			);
			name = "To-Do list Hackwhich";
			productName = "To-Do list Hackwhich";
			productReference = 3F0C5C8F278C98BF00718E15 /* To-Do list Hackwhich.app */;
			productType = "com.apple.product-type.application";
		};
/* End PBXNativeTarget section */

/* Begin PBXProject section */
		3F0C5C87278C98BF00718E15 /* Project object */ = {
			isa = PBXProject;
			attributes = {
				LastSwiftUpdateCheck = 1250;
				LastUpgradeCheck = 1250;
				TargetAttributes = {
					3F0C5C8E278C98BF00718E15 = {
						CreatedOnToolsVersion = 12.5.1;
					};
				};
			};
			buildConfigurationList = 3F0C5C8A278C98BF00718E15 /* Build configuration list for PBXProject "To-Do list Hackwhich" */;
			compatibilityVersion = "Xcode 9.3";
			developmentRegion = en;
			hasScannedForEncodings = 0;
			knownRegions = (
				en,
				Base,
			);
			mainGroup = 3F0C5C86278C98BF00718E15;
			productRefGroup = 3F0C5C90278C98BF00718E15 /* Products */;
			projectDirPath = "";
			projectRoot = "";
			targets = (
				3F0C5C8E278C98BF00718E15 /* To-Do list Hackwhich */,
			);
		};
/* End PBXProject section */

/* Begin PBXResourcesBuildPhase section */
		3F0C5C8D278C98BF00718E15 /* Resources */ = {
			isa = PBXResourcesBuildPhase;
			buildActionMask = 2147483647;
			files = (
				3F0C5C9A278C98C600718E15 /* Preview Assets.xcassets in Resources */,
				3F0C5C97278C98C600718E15 /* Assets.xcassets in Resources */,
			);
			runOnlyForDeploymentPostprocessing = 0;
		};
/* End PBXResourcesBuildPhase section */

/* Begin PBXSourcesBuildPhase section */
		3F0C5C8B278C98BF00718E15 /* Sources */ = {
			isa = PBXSourcesBuildPhase;
			buildActionMask = 2147483647;
			files = (
				3F0C5C95278C98BF00718E15 /* ContentView.swift in Sources */,
				3F0C5CBD278F3C8500718E15 /* ToDoList.swift in Sources */,
				3F0C5C93278C98BF00718E15 /* To_Do_list_HackwhichApp.swift in Sources */,
				3F0C5CBF278F3E4800718E15 /* AddItemView.swift in Sources */,
			);
			runOnlyForDeploymentPostprocessing = 0;
		};
/* End PBXSourcesBuildPhase section */

/* Begin XCBuildConfiguration section */
		3F0C5C9C278C98C600718E15 /* Debug */ = {
			isa = XCBuildConfiguration;
			buildSettings = {
				ALWAYS_SEARCH_USER_PATHS = NO;
				CLANG_ANALYZER_NONNULL = YES;
				CLANG_ANALYZER_NUMBER_OBJECT_CONVERSION = YES_AGGRESSIVE;
				CLANG_CXX_LANGUAGE_STANDARD = "gnu++14";
				CLANG_CXX_LIBRARY = "libc++";
				CLANG_ENABLE_MODULES = YES;
				CLANG_ENABLE_OBJC_ARC = YES;
				CLANG_ENABLE_OBJC_WEAK = YES;
				CLANG_WARN_BLOCK_CAPTURE_AUTORELEASING = YES;
				CLANG_WARN_BOOL_CONVERSION = YES;
				CLANG_WARN_COMMA = YES;
				CLANG_WARN_CONSTANT_CONVERSION = YES;
				CLANG_WARN_DEPRECATED_OBJC_IMPLEMENTATIONS = YES;
				CLANG_WARN_DIRECT_OBJC_ISA_USAGE = YES_ERROR;
				CLANG_WARN_DOCUMENTATION_COMMENTS = YES;
				CLANG_WARN_EMPTY_BODY = YES;
				CLANG_WARN_ENUM_CONVERSION = YES;
				CLANG_WARN_INFINITE_RECURSION = YES;
				CLANG_WARN_INT_CONVERSION = YES;
				CLANG_WARN_NON_LITERAL_NULL_CONVERSION = YES;
				CLANG_WARN_OBJC_IMPLICIT_RETAIN_SELF = YES;
				CLANG_WARN_OBJC_LITERAL_CONVERSION = YES;
				CLANG_WARN_OBJC_ROOT_CLASS = YES_ERROR;
				CLANG_WARN_QUOTED_INCLUDE_IN_FRAMEWORK_HEADER = YES;
				CLANG_WARN_RANGE_LOOP_ANALYSIS = YES;
				CLANG_WARN_STRICT_PROTOTYPES = YES;
				CLANG_WARN_SUSPICIOUS_MOVE = YES;
				CLANG_WARN_UNGUARDED_AVAILABILITY = YES_AGGRESSIVE;
				CLANG_WARN_UNREACHABLE_CODE = YES;
				CLANG_WARN__DUPLICATE_METHOD_MATCH = YES;
				COPY_PHASE_STRIP = NO;
				DEBUG_INFORMATION_FORMAT = dwarf;
				ENABLE_STRICT_OBJC_MSGSEND = YES;
				ENABLE_TESTABILITY = YES;
				GCC_C_LANGUAGE_STANDARD = gnu11;
				GCC_DYNAMIC_NO_PIC = NO;
				GCC_NO_COMMON_BLOCKS = YES;
				GCC_OPTIMIZATION_LEVEL = 0;
				GCC_PREPROCESSOR_DEFINITIONS = (
					"DEBUG=1",
					"$(inherited)",
				);
				GCC_WARN_64_TO_32_BIT_CONVERSION = YES;
				GCC_WARN_ABOUT_RETURN_TYPE = YES_ERROR;
				GCC_WARN_UNDECLARED_SELECTOR = YES;
				GCC_WARN_UNINITIALIZED_AUTOS = YES_AGGRESSIVE;
				GCC_WARN_UNUSED_FUNCTION = YES;
				GCC_WARN_UNUSED_VARIABLE = YES;
				IPHONEOS_DEPLOYMENT_TARGET = 14.5;
				MTL_ENABLE_DEBUG_INFO = INCLUDE_SOURCE;
				MTL_FAST_MATH = YES;
				ONLY_ACTIVE_ARCH = YES;
				SDKROOT = iphoneos;
				SWIFT_ACTIVE_COMPILATION_CONDITIONS = DEBUG;
				SWIFT_OPTIMIZATION_LEVEL = "-Onone";
			};
			name = Debug;
		};
		3F0C5C9D278C98C600718E15 /* Release */ = {
			isa = XCBuildConfiguration;
			buildSettings = {
				ALWAYS_SEARCH_USER_PATHS = NO;
				CLANG_ANALYZER_NONNULL = YES;
				CLANG_ANALYZER_NUMBER_OBJECT_CONVERSION = YES_AGGRESSIVE;
				CLANG_CXX_LANGUAGE_STANDARD = "gnu++14";
				CLANG_CXX_LIBRARY = "libc++";
				CLANG_ENABLE_MODULES = YES;
				CLANG_ENABLE_OBJC_ARC = YES;
				CLANG_ENABLE_OBJC_WEAK = YES;
				CLANG_WARN_BLOCK_CAPTURE_AUTORELEASING = YES;
				CLANG_WARN_BOOL_CONVERSION = YES;
				CLANG_WARN_COMMA = YES;
				CLANG_WARN_CONSTANT_CONVERSION = YES;
				CLANG_WARN_DEPRECATED_OBJC_IMPLEMENTATIONS = YES;
				CLANG_WARN_DIRECT_OBJC_ISA_USAGE = YES_ERROR;
				CLANG_WARN_DOCUMENTATION_COMMENTS = YES;
				CLANG_WARN_EMPTY_BODY = YES;
				CLANG_WARN_ENUM_CONVERSION = YES;
				CLANG_WARN_INFINITE_RECURSION = YES;
				CLANG_WARN_INT_CONVERSION = YES;
				CLANG_WARN_NON_LITERAL_NULL_CONVERSION = YES;
				CLANG_WARN_OBJC_IMPLICIT_RETAIN_SELF = YES;
				CLANG_WARN_OBJC_LITERAL_CONVERSION = YES;
				CLANG_WARN_OBJC_ROOT_CLASS = YES_ERROR;
				CLANG_WARN_QUOTED_INCLUDE_IN_FRAMEWORK_HEADER = YES;
				CLANG_WARN_RANGE_LOOP_ANALYSIS = YES;
				CLANG_WARN_STRICT_PROTOTYPES = YES;
				CLANG_WARN_SUSPICIOUS_MOVE = YES;
				CLANG_WARN_UNGUARDED_AVAILABILITY = YES_AGGRESSIVE;
				CLANG_WARN_UNREACHABLE_CODE = YES;
				CLANG_WARN__DUPLICATE_METHOD_MATCH = YES;
				COPY_PHASE_STRIP = NO;
				DEBUG_INFORMATION_FORMAT = "dwarf-with-dsym";
				ENABLE_NS_ASSERTIONS = NO;
				ENABLE_STRICT_OBJC_MSGSEND = YES;
				GCC_C_LANGUAGE_STANDARD = gnu11;
				GCC_NO_COMMON_BLOCKS = YES;
				GCC_WARN_64_TO_32_BIT_CONVERSION = YES;
				GCC_WARN_ABOUT_RETURN_TYPE = YES_ERROR;
				GCC_WARN_UNDECLARED_SELECTOR = YES;
				GCC_WARN_UNINITIALIZED_AUTOS = YES_AGGRESSIVE;
				GCC_WARN_UNUSED_FUNCTION = YES;
				GCC_WARN_UNUSED_VARIABLE = YES;
				IPHONEOS_DEPLOYMENT_TARGET = 14.5;
				MTL_ENABLE_DEBUG_INFO = NO;
				MTL_FAST_MATH = YES;
				SDKROOT = iphoneos;
				SWIFT_COMPILATION_MODE = wholemodule;
				SWIFT_OPTIMIZATION_LEVEL = "-O";
				VALIDATE_PRODUCT = YES;
			};
			name = Release;
		};
		3F0C5C9F278C98C600718E15 /* Debug */ = {
			isa = XCBuildConfiguration;
			buildSettings = {
				ASSETCATALOG_COMPILER_APPICON_NAME = AppIcon;
				ASSETCATALOG_COMPILER_GLOBAL_ACCENT_COLOR_NAME = AccentColor;
				CODE_SIGN_STYLE = Automatic;
				DEVELOPMENT_ASSET_PATHS = "\"To-Do list Hackwhich/Preview Content\"";
				DEVELOPMENT_TEAM = Y39BZ28YNL;
				ENABLE_PREVIEWS = YES;
				INFOPLIST_FILE = "To-Do list Hackwhich/Info.plist";
				IPHONEOS_DEPLOYMENT_TARGET = 14.0;
				LD_RUNPATH_SEARCH_PATHS = (
					"$(inherited)",
					"@executable_path/Frameworks",
				);
				PRODUCT_BUNDLE_IDENTIFIER = "hackwhich.To-Do-list-Hackwhich";
				PRODUCT_NAME = "$(TARGET_NAME)";
				SWIFT_VERSION = 5.0;
				TARGETED_DEVICE_FAMILY = "1,2";
			};
			name = Debug;
		};
		3F0C5CA0278C98C600718E15 /* Release */ = {
			isa = XCBuildConfiguration;
			buildSettings = {
				ASSETCATALOG_COMPILER_APPICON_NAME = AppIcon;
				ASSETCATALOG_COMPILER_GLOBAL_ACCENT_COLOR_NAME = AccentColor;
				CODE_SIGN_STYLE = Automatic;
				DEVELOPMENT_ASSET_PATHS = "\"To-Do list Hackwhich/Preview Content\"";
				DEVELOPMENT_TEAM = Y39BZ28YNL;
				ENABLE_PREVIEWS = YES;
				INFOPLIST_FILE = "To-Do list Hackwhich/Info.plist";
				IPHONEOS_DEPLOYMENT_TARGET = 14.0;
				LD_RUNPATH_SEARCH_PATHS = (
					"$(inherited)",
					"@executable_path/Frameworks",
				);
				PRODUCT_BUNDLE_IDENTIFIER = "hackwhich.To-Do-list-Hackwhich";
				PRODUCT_NAME = "$(TARGET_NAME)";
				SWIFT_VERSION = 5.0;
				TARGETED_DEVICE_FAMILY = "1,2";
			};
			name = Release;
		};
/* End XCBuildConfiguration section */

/* Begin XCConfigurationList section */
		3F0C5C8A278C98BF00718E15 /* Build configuration list for PBXProject "To-Do list Hackwhich" */ = {
			isa = XCConfigurationList;
			buildConfigurations = (
				3F0C5C9C278C98C600718E15 /* Debug */,
				3F0C5C9D278C98C600718E15 /* Release */,
			);
			defaultConfigurationIsVisible = 0;
			defaultConfigurationName = Release;
		};
		3F0C5C9E278C98C600718E15 /* Build configuration list for PBXNativeTarget "To-Do list Hackwhich" */ = {
			isa = XCConfigurationList;
			buildConfigurations = (
				3F0C5C9F278C98C600718E15 /* Debug */,
				3F0C5CA0278C98C600718E15 /* Release */,
			);
			defaultConfigurationIsVisible = 0;
			defaultConfigurationName = Release;
		};
/* End XCConfigurationList section */
	};
	rootObject = 3F0C5C87278C98BF00718E15 /* Project object */;
}
